// !$*UTF8*$!
{
	archiveVersion = 1;
	classes = {
	};
	objectVersion = 50;
	objects = {

/* Begin PBXBuildFile section */
		B3038FF120BDD6AB0031D76B /* AppDelegate.swift in Sources */ = {isa = PBXBuildFile; fileRef = B3038FF020BDD6AB0031D76B /* AppDelegate.swift */; };
		B3038FF320BDD6AB0031D76B /* WeatherViewController.swift in Sources */ = {isa = PBXBuildFile; fileRef = B3038FF220BDD6AB0031D76B /* WeatherViewController.swift */; };
		B3038FF620BDD6AB0031D76B /* Main.storyboard in Resources */ = {isa = PBXBuildFile; fileRef = B3038FF420BDD6AB0031D76B /* Main.storyboard */; };
		B3038FF820BDD6AB0031D76B /* Assets.xcassets in Resources */ = {isa = PBXBuildFile; fileRef = B3038FF720BDD6AB0031D76B /* Assets.xcassets */; };
		B3038FFB20BDD6AB0031D76B /* LaunchScreen.storyboard in Resources */ = {isa = PBXBuildFile; fileRef = B3038FF920BDD6AB0031D76B /* LaunchScreen.storyboard */; };
		B303900620BDD6AC0031D76B /* RxWeatherTests.swift in Sources */ = {isa = PBXBuildFile; fileRef = B303900520BDD6AC0031D76B /* RxWeatherTests.swift */; };
		B30E56A420C34D460040559E /* WeatherViewModel.swift in Sources */ = {isa = PBXBuildFile; fileRef = B30E56A320C34D460040559E /* WeatherViewModel.swift */; };
		B3158ADF20C05F7900F62AEB /* URLSessionDataTaskProtocol.swift in Sources */ = {isa = PBXBuildFile; fileRef = B3158ADE20C05F7900F62AEB /* URLSessionDataTaskProtocol.swift */; };
		B3158AE120C0629F00F62AEB /* DummyDataTask.swift in Sources */ = {isa = PBXBuildFile; fileRef = B3158AE020C0629F00F62AEB /* DummyDataTask.swift */; };
		B3AFA60D20BEF432003DA7A3 /* ApiRequest.swift in Sources */ = {isa = PBXBuildFile; fileRef = B3AFA60C20BEF432003DA7A3 /* ApiRequest.swift */; };
		B3AFA60F20BF0192003DA7A3 /* OpenWeatherApi.swift in Sources */ = {isa = PBXBuildFile; fileRef = B3AFA60E20BF0192003DA7A3 /* OpenWeatherApi.swift */; };
		B3AFA61120BF0389003DA7A3 /* RestApiClient.swift in Sources */ = {isa = PBXBuildFile; fileRef = B3AFA61020BF0389003DA7A3 /* RestApiClient.swift */; };
		B3AFA61520BF18A0003DA7A3 /* URLSessionProtocol.swift in Sources */ = {isa = PBXBuildFile; fileRef = B3AFA61420BF18A0003DA7A3 /* URLSessionProtocol.swift */; };
		B3AFA61720BF1C44003DA7A3 /* DummyURLSesssion.swift in Sources */ = {isa = PBXBuildFile; fileRef = B3AFA61620BF1C44003DA7A3 /* DummyURLSesssion.swift */; };
		B3AFA61C20BF67BE003DA7A3 /* OpenWeatherResponse.swift in Sources */ = {isa = PBXBuildFile; fileRef = B3AFA61B20BF67BE003DA7A3 /* OpenWeatherResponse.swift */; };
		B3AFA61E20BF6D85003DA7A3 /* Weather.swift in Sources */ = {isa = PBXBuildFile; fileRef = B3AFA61D20BF6D85003DA7A3 /* Weather.swift */; };
		B3AFA62020BF72C2003DA7A3 /* OpenWeatherRequest.swift in Sources */ = {isa = PBXBuildFile; fileRef = B3AFA61F20BF72C2003DA7A3 /* OpenWeatherRequest.swift */; };
		BB8D8F14AB66DB6C8E5B739C /* Pods_RxWeather.framework in Frameworks */ = {isa = PBXBuildFile; fileRef = A3BAFCD70367FC91C45DF6F4 /* Pods_RxWeather.framework */; };
		BD6AD220FF5977C23B45DFB0 /* Pods_RxWeatherTests.framework in Frameworks */ = {isa = PBXBuildFile; fileRef = 3DA213C2F765C064CCEE764C /* Pods_RxWeatherTests.framework */; };
/* End PBXBuildFile section */

/* Begin PBXContainerItemProxy section */
		B303900220BDD6AC0031D76B /* PBXContainerItemProxy */ = {
			isa = PBXContainerItemProxy;
			containerPortal = B3038FE520BDD6AB0031D76B /* Project object */;
			proxyType = 1;
			remoteGlobalIDString = B3038FEC20BDD6AB0031D76B;
			remoteInfo = RxWeather;
		};
/* End PBXContainerItemProxy section */

/* Begin PBXFileReference section */
		3DA213C2F765C064CCEE764C /* Pods_RxWeatherTests.framework */ = {isa = PBXFileReference; explicitFileType = wrapper.framework; includeInIndex = 0; path = Pods_RxWeatherTests.framework; sourceTree = BUILT_PRODUCTS_DIR; };
		75A8C42C61A3010095806E29 /* Pods-RxWeatherTests.release.xcconfig */ = {isa = PBXFileReference; includeInIndex = 1; lastKnownFileType = text.xcconfig; name = "Pods-RxWeatherTests.release.xcconfig"; path = "Pods/Target Support Files/Pods-RxWeatherTests/Pods-RxWeatherTests.release.xcconfig"; sourceTree = "<group>"; };
		7A0E0362D7FC2A72D312B24C /* Pods-RxWeather.release.xcconfig */ = {isa = PBXFileReference; includeInIndex = 1; lastKnownFileType = text.xcconfig; name = "Pods-RxWeather.release.xcconfig"; path = "Pods/Target Support Files/Pods-RxWeather/Pods-RxWeather.release.xcconfig"; sourceTree = "<group>"; };
		879B771C30C7EBFE2404BC43 /* Pods-RxWeather.debug.xcconfig */ = {isa = PBXFileReference; includeInIndex = 1; lastKnownFileType = text.xcconfig; name = "Pods-RxWeather.debug.xcconfig"; path = "Pods/Target Support Files/Pods-RxWeather/Pods-RxWeather.debug.xcconfig"; sourceTree = "<group>"; };
		A3BAFCD70367FC91C45DF6F4 /* Pods_RxWeather.framework */ = {isa = PBXFileReference; explicitFileType = wrapper.framework; includeInIndex = 0; path = Pods_RxWeather.framework; sourceTree = BUILT_PRODUCTS_DIR; };
		B3038FED20BDD6AB0031D76B /* RxWeather.app */ = {isa = PBXFileReference; explicitFileType = wrapper.application; includeInIndex = 0; path = RxWeather.app; sourceTree = BUILT_PRODUCTS_DIR; };
		B3038FF020BDD6AB0031D76B /* AppDelegate.swift */ = {isa = PBXFileReference; lastKnownFileType = sourcecode.swift; path = AppDelegate.swift; sourceTree = "<group>"; };
		B3038FF220BDD6AB0031D76B /* WeatherViewController.swift */ = {isa = PBXFileReference; lastKnownFileType = sourcecode.swift; path = WeatherViewController.swift; sourceTree = "<group>"; };
		B3038FF520BDD6AB0031D76B /* Base */ = {isa = PBXFileReference; lastKnownFileType = file.storyboard; name = Base; path = Base.lproj/Main.storyboard; sourceTree = "<group>"; };
		B3038FF720BDD6AB0031D76B /* Assets.xcassets */ = {isa = PBXFileReference; lastKnownFileType = folder.assetcatalog; path = Assets.xcassets; sourceTree = "<group>"; };
		B3038FFA20BDD6AB0031D76B /* Base */ = {isa = PBXFileReference; lastKnownFileType = file.storyboard; name = Base; path = Base.lproj/LaunchScreen.storyboard; sourceTree = "<group>"; };
		B3038FFC20BDD6AB0031D76B /* Info.plist */ = {isa = PBXFileReference; lastKnownFileType = text.plist.xml; path = Info.plist; sourceTree = "<group>"; };
		B303900120BDD6AC0031D76B /* RxWeatherTests.xctest */ = {isa = PBXFileReference; explicitFileType = wrapper.cfbundle; includeInIndex = 0; path = RxWeatherTests.xctest; sourceTree = BUILT_PRODUCTS_DIR; };
		B303900520BDD6AC0031D76B /* RxWeatherTests.swift */ = {isa = PBXFileReference; lastKnownFileType = sourcecode.swift; path = RxWeatherTests.swift; sourceTree = "<group>"; };
		B303900720BDD6AC0031D76B /* Info.plist */ = {isa = PBXFileReference; lastKnownFileType = text.plist.xml; path = Info.plist; sourceTree = "<group>"; };
		B30E56A320C34D460040559E /* WeatherViewModel.swift */ = {isa = PBXFileReference; lastKnownFileType = sourcecode.swift; path = WeatherViewModel.swift; sourceTree = "<group>"; };
		B3158ADE20C05F7900F62AEB /* URLSessionDataTaskProtocol.swift */ = {isa = PBXFileReference; lastKnownFileType = sourcecode.swift; path = URLSessionDataTaskProtocol.swift; sourceTree = "<group>"; };
		B3158AE020C0629F00F62AEB /* DummyDataTask.swift */ = {isa = PBXFileReference; lastKnownFileType = sourcecode.swift; path = DummyDataTask.swift; sourceTree = "<group>"; };
		B3AFA60C20BEF432003DA7A3 /* ApiRequest.swift */ = {isa = PBXFileReference; lastKnownFileType = sourcecode.swift; path = ApiRequest.swift; sourceTree = "<group>"; };
		B3AFA60E20BF0192003DA7A3 /* OpenWeatherApi.swift */ = {isa = PBXFileReference; lastKnownFileType = sourcecode.swift; path = OpenWeatherApi.swift; sourceTree = "<group>"; };
		B3AFA61020BF0389003DA7A3 /* RestApiClient.swift */ = {isa = PBXFileReference; lastKnownFileType = sourcecode.swift; path = RestApiClient.swift; sourceTree = "<group>"; };
		B3AFA61420BF18A0003DA7A3 /* URLSessionProtocol.swift */ = {isa = PBXFileReference; lastKnownFileType = sourcecode.swift; path = URLSessionProtocol.swift; sourceTree = "<group>"; };
		B3AFA61620BF1C44003DA7A3 /* DummyURLSesssion.swift */ = {isa = PBXFileReference; lastKnownFileType = sourcecode.swift; path = DummyURLSesssion.swift; sourceTree = "<group>"; };
		B3AFA61B20BF67BE003DA7A3 /* OpenWeatherResponse.swift */ = {isa = PBXFileReference; lastKnownFileType = sourcecode.swift; path = OpenWeatherResponse.swift; sourceTree = "<group>"; };
		B3AFA61D20BF6D85003DA7A3 /* Weather.swift */ = {isa = PBXFileReference; lastKnownFileType = sourcecode.swift; path = Weather.swift; sourceTree = "<group>"; };
		B3AFA61F20BF72C2003DA7A3 /* OpenWeatherRequest.swift */ = {isa = PBXFileReference; lastKnownFileType = sourcecode.swift; path = OpenWeatherRequest.swift; sourceTree = "<group>"; };
		E0756EE7E3E5B6F59DF83CA5 /* Pods-RxWeatherTests.debug.xcconfig */ = {isa = PBXFileReference; includeInIndex = 1; lastKnownFileType = text.xcconfig; name = "Pods-RxWeatherTests.debug.xcconfig"; path = "Pods/Target Support Files/Pods-RxWeatherTests/Pods-RxWeatherTests.debug.xcconfig"; sourceTree = "<group>"; };
/* End PBXFileReference section */

/* Begin PBXFrameworksBuildPhase section */
		B3038FEA20BDD6AB0031D76B /* Frameworks */ = {
			isa = PBXFrameworksBuildPhase;
			buildActionMask = 2147483647;
			files = (
				BB8D8F14AB66DB6C8E5B739C /* Pods_RxWeather.framework in Frameworks */,
			);
			runOnlyForDeploymentPostprocessing = 0;
		};
		B3038FFE20BDD6AC0031D76B /* Frameworks */ = {
			isa = PBXFrameworksBuildPhase;
			buildActionMask = 2147483647;
			files = (
				BD6AD220FF5977C23B45DFB0 /* Pods_RxWeatherTests.framework in Frameworks */,
			);
			runOnlyForDeploymentPostprocessing = 0;
		};
/* End PBXFrameworksBuildPhase section */

/* Begin PBXGroup section */
		14597477409E411ED292E1ED /* Frameworks */ = {
			isa = PBXGroup;
			children = (
				A3BAFCD70367FC91C45DF6F4 /* Pods_RxWeather.framework */,
				3DA213C2F765C064CCEE764C /* Pods_RxWeatherTests.framework */,
			);
			name = Frameworks;
			sourceTree = "<group>";
		};
		3C7D609F68CB36BE7FA9BA13 /* Pods */ = {
			isa = PBXGroup;
			children = (
				879B771C30C7EBFE2404BC43 /* Pods-RxWeather.debug.xcconfig */,
				7A0E0362D7FC2A72D312B24C /* Pods-RxWeather.release.xcconfig */,
				E0756EE7E3E5B6F59DF83CA5 /* Pods-RxWeatherTests.debug.xcconfig */,
				75A8C42C61A3010095806E29 /* Pods-RxWeatherTests.release.xcconfig */,
			);
			name = Pods;
			sourceTree = "<group>";
		};
		B3038FE420BDD6AB0031D76B = {
			isa = PBXGroup;
			children = (
				B3038FEF20BDD6AB0031D76B /* RxWeather */,
				B303900420BDD6AC0031D76B /* RxWeatherTests */,
				B3038FEE20BDD6AB0031D76B /* Products */,
				3C7D609F68CB36BE7FA9BA13 /* Pods */,
				14597477409E411ED292E1ED /* Frameworks */,
			);
			sourceTree = "<group>";
		};
		B3038FEE20BDD6AB0031D76B /* Products */ = {
			isa = PBXGroup;
			children = (
				B3038FED20BDD6AB0031D76B /* RxWeather.app */,
				B303900120BDD6AC0031D76B /* RxWeatherTests.xctest */,
			);
			name = Products;
			sourceTree = "<group>";
		};
		B3038FEF20BDD6AB0031D76B /* RxWeather */ = {
			isa = PBXGroup;
			children = (
				B3EEB85B20C1E3B2005FDE25 /* Views */,
				B3EEB85A20C1E39E005FDE25 /* ViewControllers */,
				B3EEB85820C1E369005FDE25 /* Model */,
				B3EEB85920C1E38B005FDE25 /* Resources */,
			);
			path = RxWeather;
			sourceTree = "<group>";
		};
		B303900420BDD6AC0031D76B /* RxWeatherTests */ = {
			isa = PBXGroup;
			children = (
				B303900520BDD6AC0031D76B /* RxWeatherTests.swift */,
				B303900720BDD6AC0031D76B /* Info.plist */,
				B3AFA61620BF1C44003DA7A3 /* DummyURLSesssion.swift */,
				B3158AE020C0629F00F62AEB /* DummyDataTask.swift */,
			);
			path = RxWeatherTests;
			sourceTree = "<group>";
		};
		B3AFA61A20BF6781003DA7A3 /* Network */ = {
			isa = PBXGroup;
			children = (
				B3AFA61F20BF72C2003DA7A3 /* OpenWeatherRequest.swift */,
				B3AFA60E20BF0192003DA7A3 /* OpenWeatherApi.swift */,
				B3AFA61B20BF67BE003DA7A3 /* OpenWeatherResponse.swift */,
				B3AFA60C20BEF432003DA7A3 /* ApiRequest.swift */,
				B3AFA61020BF0389003DA7A3 /* RestApiClient.swift */,
				B3AFA61420BF18A0003DA7A3 /* URLSessionProtocol.swift */,
				B3158ADE20C05F7900F62AEB /* URLSessionDataTaskProtocol.swift */,
			);
			path = Network;
			sourceTree = "<group>";
		};
		B3EEB85820C1E369005FDE25 /* Model */ = {
			isa = PBXGroup;
			children = (
				B3AFA61A20BF6781003DA7A3 /* Network */,
				B3AFA61D20BF6D85003DA7A3 /* Weather.swift */,
				B30E56A320C34D460040559E /* WeatherViewModel.swift */,
			);
			path = Model;
			sourceTree = "<group>";
		};
		B3EEB85920C1E38B005FDE25 /* Resources */ = {
			isa = PBXGroup;
			children = (
				B3038FF020BDD6AB0031D76B /* AppDelegate.swift */,
				B3038FF720BDD6AB0031D76B /* Assets.xcassets */,
				B3038FF920BDD6AB0031D76B /* LaunchScreen.storyboard */,
				B3038FFC20BDD6AB0031D76B /* Info.plist */,
			);
			path = Resources;
			sourceTree = "<group>";
		};
		B3EEB85A20C1E39E005FDE25 /* ViewControllers */ = {
			isa = PBXGroup;
			children = (
				B3038FF220BDD6AB0031D76B /* WeatherViewController.swift */,
			);
			path = ViewControllers;
			sourceTree = "<group>";
		};
		B3EEB85B20C1E3B2005FDE25 /* Views */ = {
			isa = PBXGroup;
			children = (
				B3EEB85C20C1E3CE005FDE25 /* Storyboards */,
			);
			path = Views;
			sourceTree = "<group>";
		};
		B3EEB85C20C1E3CE005FDE25 /* Storyboards */ = {
			isa = PBXGroup;
			children = (
				B3038FF420BDD6AB0031D76B /* Main.storyboard */,
			);
			path = Storyboards;
			sourceTree = "<group>";
		};
/* End PBXGroup section */

/* Begin PBXNativeTarget section */
		B3038FEC20BDD6AB0031D76B /* RxWeather */ = {
			isa = PBXNativeTarget;
			buildConfigurationList = B303900A20BDD6AC0031D76B /* Build configuration list for PBXNativeTarget "RxWeather" */;
			buildPhases = (
				B786C0655009FE185757E143 /* [CP] Check Pods Manifest.lock */,
				B3038FE920BDD6AB0031D76B /* Sources */,
				B3038FEA20BDD6AB0031D76B /* Frameworks */,
				B3038FEB20BDD6AB0031D76B /* Resources */,
				8F25AC9F00828CE882959618 /* [CP] Embed Pods Frameworks */,
				A5301BDC4F05C2AFCADD1510 /* [CP] Copy Pods Resources */,
				B3AFA61820BF1D4F003DA7A3 /* ShellScript */,
			);
			buildRules = (
			);
			dependencies = (
			);
			name = RxWeather;
			productName = RxWeather;
			productReference = B3038FED20BDD6AB0031D76B /* RxWeather.app */;
			productType = "com.apple.product-type.application";
		};
		B303900020BDD6AC0031D76B /* RxWeatherTests */ = {
			isa = PBXNativeTarget;
			buildConfigurationList = B303900D20BDD6AC0031D76B /* Build configuration list for PBXNativeTarget "RxWeatherTests" */;
			buildPhases = (
				57CAD73170844DEECA1063E1 /* [CP] Check Pods Manifest.lock */,
				B3038FFD20BDD6AC0031D76B /* Sources */,
				B3038FFE20BDD6AC0031D76B /* Frameworks */,
				B3038FFF20BDD6AC0031D76B /* Resources */,
				80D95F6367C786523163895E /* [CP] Embed Pods Frameworks */,
				E0D345DFE599DB1BC6F6CAE6 /* [CP] Copy Pods Resources */,
				B3AFA61920BF1DEF003DA7A3 /* ShellScript */,
			);
			buildRules = (
			);
			dependencies = (
				B303900320BDD6AC0031D76B /* PBXTargetDependency */,
			);
			name = RxWeatherTests;
			productName = RxWeatherTests;
			productReference = B303900120BDD6AC0031D76B /* RxWeatherTests.xctest */;
			productType = "com.apple.product-type.bundle.unit-test";
		};
/* End PBXNativeTarget section */

/* Begin PBXProject section */
		B3038FE520BDD6AB0031D76B /* Project object */ = {
			isa = PBXProject;
			attributes = {
				LastSwiftUpdateCheck = 0930;
				LastUpgradeCheck = 0930;
				ORGANIZATIONNAME = "Christopher Thiebaut";
				TargetAttributes = {
					B3038FEC20BDD6AB0031D76B = {
						CreatedOnToolsVersion = 9.3.1;
					};
					B303900020BDD6AC0031D76B = {
						CreatedOnToolsVersion = 9.3.1;
						TestTargetID = B3038FEC20BDD6AB0031D76B;
					};
				};
			};
			buildConfigurationList = B3038FE820BDD6AB0031D76B /* Build configuration list for PBXProject "RxWeather" */;
			compatibilityVersion = "Xcode 9.3";
			developmentRegion = en;
			hasScannedForEncodings = 0;
			knownRegions = (
				en,
				Base,
			);
			mainGroup = B3038FE420BDD6AB0031D76B;
			productRefGroup = B3038FEE20BDD6AB0031D76B /* Products */;
			projectDirPath = "";
			projectRoot = "";
			targets = (
				B3038FEC20BDD6AB0031D76B /* RxWeather */,
				B303900020BDD6AC0031D76B /* RxWeatherTests */,
			);
		};
/* End PBXProject section */

/* Begin PBXResourcesBuildPhase section */
		B3038FEB20BDD6AB0031D76B /* Resources */ = {
			isa = PBXResourcesBuildPhase;
			buildActionMask = 2147483647;
			files = (
				B3038FFB20BDD6AB0031D76B /* LaunchScreen.storyboard in Resources */,
				B3038FF820BDD6AB0031D76B /* Assets.xcassets in Resources */,
				B3038FF620BDD6AB0031D76B /* Main.storyboard in Resources */,
			);
			runOnlyForDeploymentPostprocessing = 0;
		};
		B3038FFF20BDD6AC0031D76B /* Resources */ = {
			isa = PBXResourcesBuildPhase;
			buildActionMask = 2147483647;
			files = (
			);
			runOnlyForDeploymentPostprocessing = 0;
		};
/* End PBXResourcesBuildPhase section */

/* Begin PBXShellScriptBuildPhase section */
		57CAD73170844DEECA1063E1 /* [CP] Check Pods Manifest.lock */ = {
			isa = PBXShellScriptBuildPhase;
			buildActionMask = 2147483647;
			files = (
			);
			inputPaths = (
				"${PODS_PODFILE_DIR_PATH}/Podfile.lock",
				"${PODS_ROOT}/Manifest.lock",
			);
			name = "[CP] Check Pods Manifest.lock";
			outputPaths = (
				"$(DERIVED_FILE_DIR)/Pods-RxWeatherTests-checkManifestLockResult.txt",
			);
			runOnlyForDeploymentPostprocessing = 0;
			shellPath = /bin/sh;
			shellScript = "diff \"${PODS_PODFILE_DIR_PATH}/Podfile.lock\" \"${PODS_ROOT}/Manifest.lock\" > /dev/null\nif [ $? != 0 ] ; then\n    # print error to STDERR\n    echo \"error: The sandbox is not in sync with the Podfile.lock. Run 'pod install' or update your CocoaPods installation.\" >&2\n    exit 1\nfi\n# This output is used by Xcode 'outputs' to avoid re-running this script phase.\necho \"SUCCESS\" > \"${SCRIPT_OUTPUT_FILE_0}\"\n";
			showEnvVarsInLog = 0;
		};
		80D95F6367C786523163895E /* [CP] Embed Pods Frameworks */ = {
			isa = PBXShellScriptBuildPhase;
			buildActionMask = 2147483647;
			files = (
			);
			inputPaths = (
				"${SRCROOT}/Pods/Target Support Files/Pods-RxWeatherTests/Pods-RxWeatherTests-frameworks.sh",
				"${BUILT_PRODUCTS_DIR}/RxSwift/RxSwift.framework",
				"${BUILT_PRODUCTS_DIR}/RxBlocking/RxBlocking.framework",
				"${BUILT_PRODUCTS_DIR}/RxTest/RxTest.framework",
			);
			name = "[CP] Embed Pods Frameworks";
			outputPaths = (
				"${TARGET_BUILD_DIR}/${FRAMEWORKS_FOLDER_PATH}/RxSwift.framework",
				"${TARGET_BUILD_DIR}/${FRAMEWORKS_FOLDER_PATH}/RxBlocking.framework",
				"${TARGET_BUILD_DIR}/${FRAMEWORKS_FOLDER_PATH}/RxTest.framework",
			);
			runOnlyForDeploymentPostprocessing = 0;
			shellPath = /bin/sh;
			shellScript = "\"${SRCROOT}/Pods/Target Support Files/Pods-RxWeatherTests/Pods-RxWeatherTests-frameworks.sh\"\n";
			showEnvVarsInLog = 0;
		};
		8F25AC9F00828CE882959618 /* [CP] Embed Pods Frameworks */ = {
			isa = PBXShellScriptBuildPhase;
			buildActionMask = 2147483647;
			files = (
			);
			inputPaths = (
				"${SRCROOT}/Pods/Target Support Files/Pods-RxWeather/Pods-RxWeather-frameworks.sh",
				"${BUILT_PRODUCTS_DIR}/RxCocoa/RxCocoa.framework",
				"${BUILT_PRODUCTS_DIR}/RxSwift/RxSwift.framework",
			);
			name = "[CP] Embed Pods Frameworks";
			outputPaths = (
				"${TARGET_BUILD_DIR}/${FRAMEWORKS_FOLDER_PATH}/RxCocoa.framework",
				"${TARGET_BUILD_DIR}/${FRAMEWORKS_FOLDER_PATH}/RxSwift.framework",
			);
			runOnlyForDeploymentPostprocessing = 0;
			shellPath = /bin/sh;
			shellScript = "\"${SRCROOT}/Pods/Target Support Files/Pods-RxWeather/Pods-RxWeather-frameworks.sh\"\n";
			showEnvVarsInLog = 0;
		};
		A5301BDC4F05C2AFCADD1510 /* [CP] Copy Pods Resources */ = {
			isa = PBXShellScriptBuildPhase;
			buildActionMask = 2147483647;
			files = (
			);
			inputPaths = (
			);
			name = "[CP] Copy Pods Resources";
			outputPaths = (
			);
			runOnlyForDeploymentPostprocessing = 0;
			shellPath = /bin/sh;
			shellScript = "\"${SRCROOT}/Pods/Target Support Files/Pods-RxWeather/Pods-RxWeather-resources.sh\"\n";
			showEnvVarsInLog = 0;
		};
		B3AFA61820BF1D4F003DA7A3 /* ShellScript */ = {
			isa = PBXShellScriptBuildPhase;
			buildActionMask = 2147483647;
			files = (
			);
			inputPaths = (
			);
			outputPaths = (
			);
			runOnlyForDeploymentPostprocessing = 0;
			shellPath = /bin/sh;
			shellScript = "TAGS=\"TODO:|FIXME:\"\necho \"searching ${SRCROOT} for ${TAGS}\"\nfind \"${SRCROOT}\" \\( -name \"*.swift\" \\) -print0 | xargs -0 egrep --with-filename --line-number --only-matching \"($TAGS).*\\$\" | perl -p -e \"s/($TAGS)/ warning: \\$1/\"";
		};
		B3AFA61920BF1DEF003DA7A3 /* ShellScript */ = {
			isa = PBXShellScriptBuildPhase;
			buildActionMask = 2147483647;
			files = (
			);
			inputPaths = (
			);
			outputPaths = (
			);
			runOnlyForDeploymentPostprocessing = 0;
			shellPath = /bin/sh;
			shellScript = "TAGS=\"TODO:|FIXME:\"\necho \"searching ${SRCROOT} for ${TAGS}\"\nfind \"${SRCROOT}\" \\( -name \"*.swift\" \\) -print0 | xargs -0 egrep --with-filename --line-number --only-matching \"($TAGS).*\\$\" | perl -p -e \"s/($TAGS)/ warning: \\$1/\"";
		};
		B786C0655009FE185757E143 /* [CP] Check Pods Manifest.lock */ = {
			isa = PBXShellScriptBuildPhase;
			buildActionMask = 2147483647;
			files = (
			);
			inputPaths = (
				"${PODS_PODFILE_DIR_PATH}/Podfile.lock",
				"${PODS_ROOT}/Manifest.lock",
			);
			name = "[CP] Check Pods Manifest.lock";
			outputPaths = (
				"$(DERIVED_FILE_DIR)/Pods-RxWeather-checkManifestLockResult.txt",
			);
			runOnlyForDeploymentPostprocessing = 0;
			shellPath = /bin/sh;
			shellScript = "diff \"${PODS_PODFILE_DIR_PATH}/Podfile.lock\" \"${PODS_ROOT}/Manifest.lock\" > /dev/null\nif [ $? != 0 ] ; then\n    # print error to STDERR\n    echo \"error: The sandbox is not in sync with the Podfile.lock. Run 'pod install' or update your CocoaPods installation.\" >&2\n    exit 1\nfi\n# This output is used by Xcode 'outputs' to avoid re-running this script phase.\necho \"SUCCESS\" > \"${SCRIPT_OUTPUT_FILE_0}\"\n";
			showEnvVarsInLog = 0;
		};
		E0D345DFE599DB1BC6F6CAE6 /* [CP] Copy Pods Resources */ = {
			isa = PBXShellScriptBuildPhase;
			buildActionMask = 2147483647;
			files = (
			);
			inputPaths = (
			);
			name = "[CP] Copy Pods Resources";
			outputPaths = (
			);
			runOnlyForDeploymentPostprocessing = 0;
			shellPath = /bin/sh;
			shellScript = "\"${SRCROOT}/Pods/Target Support Files/Pods-RxWeatherTests/Pods-RxWeatherTests-resources.sh\"\n";
			showEnvVarsInLog = 0;
		};
/* End PBXShellScriptBuildPhase section */

/* Begin PBXSourcesBuildPhase section */
		B3038FE920BDD6AB0031D76B /* Sources */ = {
			isa = PBXSourcesBuildPhase;
			buildActionMask = 2147483647;
			files = (
				B3AFA61E20BF6D85003DA7A3 /* Weather.swift in Sources */,
				B3AFA61C20BF67BE003DA7A3 /* OpenWeatherResponse.swift in Sources */,
				B3AFA61520BF18A0003DA7A3 /* URLSessionProtocol.swift in Sources */,
				B30E56A420C34D460040559E /* WeatherViewModel.swift in Sources */,
				B3AFA61120BF0389003DA7A3 /* RestApiClient.swift in Sources */,
				B3158ADF20C05F7900F62AEB /* URLSessionDataTaskProtocol.swift in Sources */,
				B3038FF320BDD6AB0031D76B /* WeatherViewController.swift in Sources */,
				B3038FF120BDD6AB0031D76B /* AppDelegate.swift in Sources */,
				B3AFA60D20BEF432003DA7A3 /* ApiRequest.swift in Sources */,
				B3AFA62020BF72C2003DA7A3 /* OpenWeatherRequest.swift in Sources */,
				B3AFA60F20BF0192003DA7A3 /* OpenWeatherApi.swift in Sources */,
			);
			runOnlyForDeploymentPostprocessing = 0;
		};
		B3038FFD20BDD6AC0031D76B /* Sources */ = {
			isa = PBXSourcesBuildPhase;
			buildActionMask = 2147483647;
			files = (
				B303900620BDD6AC0031D76B /* RxWeatherTests.swift in Sources */,
				B3AFA61720BF1C44003DA7A3 /* DummyURLSesssion.swift in Sources */,
				B3158AE120C0629F00F62AEB /* DummyDataTask.swift in Sources */,
			);
			runOnlyForDeploymentPostprocessing = 0;
		};
/* End PBXSourcesBuildPhase section */

/* Begin PBXTargetDependency section */
		B303900320BDD6AC0031D76B /* PBXTargetDependency */ = {
			isa = PBXTargetDependency;
			target = B3038FEC20BDD6AB0031D76B /* RxWeather */;
			targetProxy = B303900220BDD6AC0031D76B /* PBXContainerItemProxy */;
		};
/* End PBXTargetDependency section */

/* Begin PBXVariantGroup section */
		B3038FF420BDD6AB0031D76B /* Main.storyboard */ = {
			isa = PBXVariantGroup;
			children = (
				B3038FF520BDD6AB0031D76B /* Base */,
			);
			name = Main.storyboard;
			sourceTree = "<group>";
		};
		B3038FF920BDD6AB0031D76B /* LaunchScreen.storyboard */ = {
			isa = PBXVariantGroup;
			children = (
				B3038FFA20BDD6AB0031D76B /* Base */,
			);
			name = LaunchScreen.storyboard;
			sourceTree = "<group>";
		};
/* End PBXVariantGroup section */

/* Begin XCBuildConfiguration section */
		B303900820BDD6AC0031D76B /* Debug */ = {
			isa = XCBuildConfiguration;
			buildSettings = {
				ALWAYS_SEARCH_USER_PATHS = NO;
				CLANG_ANALYZER_NONNULL = YES;
				CLANG_ANALYZER_NUMBER_OBJECT_CONVERSION = YES_AGGRESSIVE;
				CLANG_CXX_LANGUAGE_STANDARD = "gnu++14";
				CLANG_CXX_LIBRARY = "libc++";
				CLANG_ENABLE_MODULES = YES;
				CLANG_ENABLE_OBJC_ARC = YES;
				CLANG_ENABLE_OBJC_WEAK = YES;
				CLANG_WARN_BLOCK_CAPTURE_AUTORELEASING = YES;
				CLANG_WARN_BOOL_CONVERSION = YES;
				CLANG_WARN_COMMA = YES;
				CLANG_WARN_CONSTANT_CONVERSION = YES;
				CLANG_WARN_DEPRECATED_OBJC_IMPLEMENTATIONS = YES;
				CLANG_WARN_DIRECT_OBJC_ISA_USAGE = YES_ERROR;
				CLANG_WARN_DOCUMENTATION_COMMENTS = YES;
				CLANG_WARN_EMPTY_BODY = YES;
				CLANG_WARN_ENUM_CONVERSION = YES;
				CLANG_WARN_INFINITE_RECURSION = YES;
				CLANG_WARN_INT_CONVERSION = YES;
				CLANG_WARN_NON_LITERAL_NULL_CONVERSION = YES;
				CLANG_WARN_OBJC_IMPLICIT_RETAIN_SELF = YES;
				CLANG_WARN_OBJC_LITERAL_CONVERSION = YES;
				CLANG_WARN_OBJC_ROOT_CLASS = YES_ERROR;
				CLANG_WARN_RANGE_LOOP_ANALYSIS = YES;
				CLANG_WARN_STRICT_PROTOTYPES = YES;
				CLANG_WARN_SUSPICIOUS_MOVE = YES;
				CLANG_WARN_UNGUARDED_AVAILABILITY = YES_AGGRESSIVE;
				CLANG_WARN_UNREACHABLE_CODE = YES;
				CLANG_WARN__DUPLICATE_METHOD_MATCH = YES;
				CODE_SIGN_IDENTITY = "iPhone Developer";
				COPY_PHASE_STRIP = NO;
				DEBUG_INFORMATION_FORMAT = dwarf;
				ENABLE_STRICT_OBJC_MSGSEND = YES;
				ENABLE_TESTABILITY = YES;
				GCC_C_LANGUAGE_STANDARD = gnu11;
				GCC_DYNAMIC_NO_PIC = NO;
				GCC_NO_COMMON_BLOCKS = YES;
				GCC_OPTIMIZATION_LEVEL = 0;
				GCC_PREPROCESSOR_DEFINITIONS = (
					"DEBUG=1",
					"$(inherited)",
				);
				GCC_WARN_64_TO_32_BIT_CONVERSION = YES;
				GCC_WARN_ABOUT_RETURN_TYPE = YES_ERROR;
				GCC_WARN_UNDECLARED_SELECTOR = YES;
				GCC_WARN_UNINITIALIZED_AUTOS = YES_AGGRESSIVE;
				GCC_WARN_UNUSED_FUNCTION = YES;
				GCC_WARN_UNUSED_VARIABLE = YES;
				IPHONEOS_DEPLOYMENT_TARGET = 11.3;
				MTL_ENABLE_DEBUG_INFO = YES;
				ONLY_ACTIVE_ARCH = YES;
				SDKROOT = iphoneos;
				SWIFT_ACTIVE_COMPILATION_CONDITIONS = DEBUG;
				SWIFT_OPTIMIZATION_LEVEL = "-Onone";
			};
			name = Debug;
		};
		B303900920BDD6AC0031D76B /* Release */ = {
			isa = XCBuildConfiguration;
			buildSettings = {
				ALWAYS_SEARCH_USER_PATHS = NO;
				CLANG_ANALYZER_NONNULL = YES;
				CLANG_ANALYZER_NUMBER_OBJECT_CONVERSION = YES_AGGRESSIVE;
				CLANG_CXX_LANGUAGE_STANDARD = "gnu++14";
				CLANG_CXX_LIBRARY = "libc++";
				CLANG_ENABLE_MODULES = YES;
				CLANG_ENABLE_OBJC_ARC = YES;
				CLANG_ENABLE_OBJC_WEAK = YES;
				CLANG_WARN_BLOCK_CAPTURE_AUTORELEASING = YES;
				CLANG_WARN_BOOL_CONVERSION = YES;
				CLANG_WARN_COMMA = YES;
				CLANG_WARN_CONSTANT_CONVERSION = YES;
				CLANG_WARN_DEPRECATED_OBJC_IMPLEMENTATIONS = YES;
				CLANG_WARN_DIRECT_OBJC_ISA_USAGE = YES_ERROR;
				CLANG_WARN_DOCUMENTATION_COMMENTS = YES;
				CLANG_WARN_EMPTY_BODY = YES;
				CLANG_WARN_ENUM_CONVERSION = YES;
				CLANG_WARN_INFINITE_RECURSION = YES;
				CLANG_WARN_INT_CONVERSION = YES;
				CLANG_WARN_NON_LITERAL_NULL_CONVERSION = YES;
				CLANG_WARN_OBJC_IMPLICIT_RETAIN_SELF = YES;
				CLANG_WARN_OBJC_LITERAL_CONVERSION = YES;
				CLANG_WARN_OBJC_ROOT_CLASS = YES_ERROR;
				CLANG_WARN_RANGE_LOOP_ANALYSIS = YES;
				CLANG_WARN_STRICT_PROTOTYPES = YES;
				CLANG_WARN_SUSPICIOUS_MOVE = YES;
				CLANG_WARN_UNGUARDED_AVAILABILITY = YES_AGGRESSIVE;
				CLANG_WARN_UNREACHABLE_CODE = YES;
				CLANG_WARN__DUPLICATE_METHOD_MATCH = YES;
				CODE_SIGN_IDENTITY = "iPhone Developer";
				COPY_PHASE_STRIP = NO;
				DEBUG_INFORMATION_FORMAT = "dwarf-with-dsym";
				ENABLE_NS_ASSERTIONS = NO;
				ENABLE_STRICT_OBJC_MSGSEND = YES;
				GCC_C_LANGUAGE_STANDARD = gnu11;
				GCC_NO_COMMON_BLOCKS = YES;
				GCC_WARN_64_TO_32_BIT_CONVERSION = YES;
				GCC_WARN_ABOUT_RETURN_TYPE = YES_ERROR;
				GCC_WARN_UNDECLARED_SELECTOR = YES;
				GCC_WARN_UNINITIALIZED_AUTOS = YES_AGGRESSIVE;
				GCC_WARN_UNUSED_FUNCTION = YES;
				GCC_WARN_UNUSED_VARIABLE = YES;
				IPHONEOS_DEPLOYMENT_TARGET = 11.3;
				MTL_ENABLE_DEBUG_INFO = NO;
				SDKROOT = iphoneos;
				SWIFT_COMPILATION_MODE = wholemodule;
				SWIFT_OPTIMIZATION_LEVEL = "-O";
				VALIDATE_PRODUCT = YES;
			};
			name = Release;
		};
		B303900B20BDD6AC0031D76B /* Debug */ = {
			isa = XCBuildConfiguration;
			baseConfigurationReference = 879B771C30C7EBFE2404BC43 /* Pods-RxWeather.debug.xcconfig */;
			buildSettings = {
				ASSETCATALOG_COMPILER_APPICON_NAME = AppIcon;
				CODE_SIGN_STYLE = Automatic;
				DEVELOPMENT_TEAM = JM5E6M7XJW;
				INFOPLIST_FILE = "$(SRCROOT)/RxWeather/Resources/Info.plist";
				LD_RUNPATH_SEARCH_PATHS = (
					"$(inherited)",
					"@executable_path/Frameworks",
				);
				PRODUCT_BUNDLE_IDENTIFIER = com.christopherthiebaut.RxWeather;
				PRODUCT_NAME = "$(TARGET_NAME)";
				SWIFT_VERSION = 4.0;
				TARGETED_DEVICE_FAMILY = "1,2";
			};
			name = Debug;
		};
		B303900C20BDD6AC0031D76B /* Release */ = {
			isa = XCBuildConfiguration;
			baseConfigurationReference = 7A0E0362D7FC2A72D312B24C /* Pods-RxWeather.release.xcconfig */;
			buildSettings = {
				ASSETCATALOG_COMPILER_APPICON_NAME = AppIcon;
				CODE_SIGN_STYLE = Automatic;
				DEVELOPMENT_TEAM = JM5E6M7XJW;
				INFOPLIST_FILE = "$(SRCROOT)/RxWeather/Resources/Info.plist";
				LD_RUNPATH_SEARCH_PATHS = (
					"$(inherited)",
					"@executable_path/Frameworks",
				);
				PRODUCT_BUNDLE_IDENTIFIER = com.christopherthiebaut.RxWeather;
				PRODUCT_NAME = "$(TARGET_NAME)";
				SWIFT_VERSION = 4.0;
				TARGETED_DEVICE_FAMILY = "1,2";
			};
			name = Release;
		};
		B303900E20BDD6AC0031D76B /* Debug */ = {
			isa = XCBuildConfiguration;
			baseConfigurationReference = E0756EE7E3E5B6F59DF83CA5 /* Pods-RxWeatherTests.debug.xcconfig */;
			buildSettings = {
				ALWAYS_EMBED_SWIFT_STANDARD_LIBRARIES = YES;
				BUNDLE_LOADER = "$(TEST_HOST)";
				CODE_SIGN_STYLE = Automatic;
				DEVELOPMENT_TEAM = JM5E6M7XJW;
				INFOPLIST_FILE = RxWeatherTests/Info.plist;
				LD_RUNPATH_SEARCH_PATHS = (
					"$(inherited)",
					"@executable_path/Frameworks",
					"@loader_path/Frameworks",
				);
				PRODUCT_BUNDLE_IDENTIFIER = com.christopherthiebaut.RxWeatherTests;
				PRODUCT_NAME = "$(TARGET_NAME)";
				SWIFT_VERSION = 4.0;
				TARGETED_DEVICE_FAMILY = "1,2";
				TEST_HOST = "$(BUILT_PRODUCTS_DIR)/RxWeather.app/RxWeather";
			};
			name = Debug;
		};
		B303900F20BDD6AC0031D76B /* Release */ = {
			isa = XCBuildConfiguration;
			baseConfigurationReference = 75A8C42C61A3010095806E29 /* Pods-RxWeatherTests.release.xcconfig */;
			buildSettings = {
				ALWAYS_EMBED_SWIFT_STANDARD_LIBRARIES = YES;
				BUNDLE_LOADER = "$(TEST_HOST)";
				CODE_SIGN_STYLE = Automatic;
				DEVELOPMENT_TEAM = JM5E6M7XJW;
				INFOPLIST_FILE = RxWeatherTests/Info.plist;
				LD_RUNPATH_SEARCH_PATHS = (
					"$(inherited)",
					"@executable_path/Frameworks",
					"@loader_path/Frameworks",
				);
				PRODUCT_BUNDLE_IDENTIFIER = com.christopherthiebaut.RxWeatherTests;
				PRODUCT_NAME = "$(TARGET_NAME)";
				SWIFT_VERSION = 4.0;
				TARGETED_DEVICE_FAMILY = "1,2";
				TEST_HOST = "$(BUILT_PRODUCTS_DIR)/RxWeather.app/RxWeather";
			};
			name = Release;
		};
/* End XCBuildConfiguration section */

/* Begin XCConfigurationList section */
		B3038FE820BDD6AB0031D76B /* Build configuration list for PBXProject "RxWeather" */ = {
			isa = XCConfigurationList;
			buildConfigurations = (
				B303900820BDD6AC0031D76B /* Debug */,
				B303900920BDD6AC0031D76B /* Release */,
			);
			defaultConfigurationIsVisible = 0;
			defaultConfigurationName = Release;
		};
		B303900A20BDD6AC0031D76B /* Build configuration list for PBXNativeTarget "RxWeather" */ = {
			isa = XCConfigurationList;
			buildConfigurations = (
				B303900B20BDD6AC0031D76B /* Debug */,
				B303900C20BDD6AC0031D76B /* Release */,
			);
			defaultConfigurationIsVisible = 0;
			defaultConfigurationName = Release;
		};
		B303900D20BDD6AC0031D76B /* Build configuration list for PBXNativeTarget "RxWeatherTests" */ = {
			isa = XCConfigurationList;
			buildConfigurations = (
				B303900E20BDD6AC0031D76B /* Debug */,
				B303900F20BDD6AC0031D76B /* Release */,
			);
			defaultConfigurationIsVisible = 0;
			defaultConfigurationName = Release;
		};
/* End XCConfigurationList section */
	};
	rootObject = B3038FE520BDD6AB0031D76B /* Project object */;
}
